{
  "requires": true,
  "lockfileVersion": 1,
  "dependencies": {
    "use-debounce": {
      "version": "10.0.2",
      "resolved": "https://registry.npmjs.org/use-debounce/-/use-debounce-10.0.2.tgz",
      "integrity": "sha512-MwBiJK2dk+2qhMDVDCPRPeLuIekKfH2t1UYMnrW9pwcJJGFDbTLliSMBz2UKGmE1PJs8l3XoMqbIU1MemMAJ8g=="
    }
  }
}
